
Microsoft Visual Studio Solution File, Format Version 12.00
# Visual Studio 14
VisualStudioVersion = 14.0.25123.0
MinimumVisualStudioVersion = 10.0.40219.1
Project("{FAE04EC0-301F-11D3-BF4B-00C04F79EFBC}") = "DataCompression.Arithmetic.Decoder", "Source\DataCompression.Arithmetic.Decoder\DataCompression.Arithmetic.Decoder.csproj", "{1BB68EDA-8251-401F-999B-7F4F60D68F10}"
EndProject
Project("{FAE04EC0-301F-11D3-BF4B-00C04F79EFBC}") = "DataCompression.Arithmetic.Encoder", "Source\DataCompression.Arithmetic.Encoder\DataCompression.Arithmetic.Encoder.csproj", "{12B3F0D7-11F9-4360-BFFC-4846BDD77E0D}"
EndProject
Project("{FAE04EC0-301F-11D3-BF4B-00C04F79EFBC}") = "DataCompression.Hoffman.Decoder", "Source\DataCompression.Hoffman.Decoder\DataCompression.Hoffman.Decoder.csproj", "{C66014F9-2EF5-4995-9613-1B99E55828DE}"
EndProject
Project("{FAE04EC0-301F-11D3-BF4B-00C04F79EFBC}") = "DataCompression.Hoffman.Encoder", "Source\DataCompression.Hoffman.Encoder\DataCompression.Hoffman.Encoder.csproj", "{4BA8508B-FE50-42A4-AECA-4C4BC477BBE7}"
EndProject
Project("{FAE04EC0-301F-11D3-BF4B-00C04F79EFBC}") = "DataCompression.Hoffman.Common", "Source\DataCompression.Hoffman.Common\DataCompression.Hoffman.Common.csproj", "{CAFE57DF-2089-41EF-8858-83A507F0EBB3}"
EndProject
Global
	GlobalSection(SolutionConfigurationPlatforms) = preSolution
		Debug|Any CPU = Debug|Any CPU
		Release|Any CPU = Release|Any CPU
	EndGlobalSection
	GlobalSection(ProjectConfigurationPlatforms) = postSolution
		{1BB68EDA-8251-401F-999B-7F4F60D68F10}.Debug|Any CPU.ActiveCfg = Debug|Any CPU
		{1BB68EDA-8251-401F-999B-7F4F60D68F10}.Debug|Any CPU.Build.0 = Debug|Any CPU
		{1BB68EDA-8251-401F-999B-7F4F60D68F10}.Release|Any CPU.ActiveCfg = Release|Any CPU
		{1BB68EDA-8251-401F-999B-7F4F60D68F10}.Release|Any CPU.Build.0 = Release|Any CPU
		{12B3F0D7-11F9-4360-BFFC-4846BDD77E0D}.Debug|Any CPU.ActiveCfg = Debug|Any CPU
		{12B3F0D7-11F9-4360-BFFC-4846BDD77E0D}.Debug|Any CPU.Build.0 = Debug|Any CPU
		{12B3F0D7-11F9-4360-BFFC-4846BDD77E0D}.Release|Any CPU.ActiveCfg = Release|Any CPU
		{12B3F0D7-11F9-4360-BFFC-4846BDD77E0D}.Release|Any CPU.Build.0 = Release|Any CPU
		{C66014F9-2EF5-4995-9613-1B99E55828DE}.Debug|Any CPU.ActiveCfg = Debug|Any CPU
		{C66014F9-2EF5-4995-9613-1B99E55828DE}.Debug|Any CPU.Build.0 = Debug|Any CPU
		{C66014F9-2EF5-4995-9613-1B99E55828DE}.Release|Any CPU.ActiveCfg = Release|Any CPU
		{C66014F9-2EF5-4995-9613-1B99E55828DE}.Release|Any CPU.Build.0 = Release|Any CPU
		{4BA8508B-FE50-42A4-AECA-4C4BC477BBE7}.Debug|Any CPU.ActiveCfg = Debug|Any CPU
		{4BA8508B-FE50-42A4-AECA-4C4BC477BBE7}.Debug|Any CPU.Build.0 = Debug|Any CPU
		{4BA8508B-FE50-42A4-AECA-4C4BC477BBE7}.Release|Any CPU.ActiveCfg = Release|Any CPU
		{4BA8508B-FE50-42A4-AECA-4C4BC477BBE7}.Release|Any CPU.Build.0 = Release|Any CPU
		{CAFE57DF-2089-41EF-8858-83A507F0EBB3}.Debug|Any CPU.ActiveCfg = Debug|Any CPU
		{CAFE57DF-2089-41EF-8858-83A507F0EBB3}.Debug|Any CPU.Build.0 = Debug|Any CPU
		{CAFE57DF-2089-41EF-8858-83A507F0EBB3}.Release|Any CPU.ActiveCfg = Release|Any CPU
		{CAFE57DF-2089-41EF-8858-83A507F0EBB3}.Release|Any CPU.Build.0 = Release|Any CPU
	EndGlobalSection
	GlobalSection(SolutionProperties) = preSolution
		HideSolutionNode = FALSE
	EndGlobalSection
EndGlobal
